# THIS IS AN AUTOGENERATED FILE. DO NOT EDIT THIS FILE DIRECTLY.
# yarn lockfile v1


fastqueue@~0.1.0:
  version "0.1.0"
  resolved "https://registry.yarnpkg.com/fastqueue/-/fastqueue-0.1.0.tgz#6c691016b3806186476eeb05a717babb8f633c19"
  integrity sha1-bGkQFrOAYYZHbusFpxe6u49jPBk=

i3@^0.3.0:
  version "0.3.0"
  resolved "https://registry.yarnpkg.com/i3/-/i3-0.3.0.tgz#888db0fdc6d139671afeca4eca717d321d1e81ae"
  integrity sha512-ah8PIhkNZ3roZqd3oUDPy2BcXyeDqa6pxLmicWtKbTo6xNfF3WPOWsbf8BwxszpI+PHgz2P/v2b9p7dYg8sOxA==
  dependencies:
    fastqueue "~0.1.0"
